
Microsoft Visual Studio Solution File, Format Version 12.00
# Visual Studio 14
VisualStudioVersion = 14.0.25420.1
MinimumVisualStudioVersion = 10.0.40219.1
Project("{FAE04EC0-301F-11D3-BF4B-00C04F79EFBC}") = "RDS", "RDS\RDS.csproj", "{6823F08A-C21E-4B15-9359-2D482150509D}"
EndProject
Project("{FAE04EC0-301F-11D3-BF4B-00C04F79EFBC}") = "RDSCL", "RDSCL\RDSCL.csproj", "{CD1BB68D-E713-442A-B4E9-15461E7E2F4E}"
EndProject
Project("{FAE04EC0-301F-11D3-BF4B-00C04F79EFBC}") = "RdCore", "RdCore\RdCore.csproj", "{92E632A0-CD46-40C5-BE11-10B623A50B44}"
EndProject
Project("{FAE04EC0-301F-11D3-BF4B-00C04F79EFBC}") = "RdEntity", "RdEntity\RdEntity.csproj", "{CF434D06-8CBB-43EA-B682-B1FE89EDB9C4}"
EndProject
Project("{FAE04EC0-301F-11D3-BF4B-00C04F79EFBC}") = "RDSUT", "RDSUT\RDSUT.csproj", "{435FCFF1-A51A-40C0-B4D4-7BF5D92259D2}"
EndProject
Global
	GlobalSection(SolutionConfigurationPlatforms) = preSolution
		Debug|Any CPU = Debug|Any CPU
		Release|Any CPU = Release|Any CPU
	EndGlobalSection
	GlobalSection(ProjectConfigurationPlatforms) = postSolution
		{6823F08A-C21E-4B15-9359-2D482150509D}.Debug|Any CPU.ActiveCfg = Debug|Any CPU
		{6823F08A-C21E-4B15-9359-2D482150509D}.Debug|Any CPU.Build.0 = Debug|Any CPU
		{6823F08A-C21E-4B15-9359-2D482150509D}.Release|Any CPU.ActiveCfg = Release|Any CPU
		{6823F08A-C21E-4B15-9359-2D482150509D}.Release|Any CPU.Build.0 = Release|Any CPU
		{CD1BB68D-E713-442A-B4E9-15461E7E2F4E}.Debug|Any CPU.ActiveCfg = Debug|Any CPU
		{CD1BB68D-E713-442A-B4E9-15461E7E2F4E}.Debug|Any CPU.Build.0 = Debug|Any CPU
		{CD1BB68D-E713-442A-B4E9-15461E7E2F4E}.Release|Any CPU.ActiveCfg = Release|Any CPU
		{CD1BB68D-E713-442A-B4E9-15461E7E2F4E}.Release|Any CPU.Build.0 = Release|Any CPU
		{92E632A0-CD46-40C5-BE11-10B623A50B44}.Debug|Any CPU.ActiveCfg = Debug|Any CPU
		{92E632A0-CD46-40C5-BE11-10B623A50B44}.Debug|Any CPU.Build.0 = Debug|Any CPU
		{92E632A0-CD46-40C5-BE11-10B623A50B44}.Release|Any CPU.ActiveCfg = Release|Any CPU
		{92E632A0-CD46-40C5-BE11-10B623A50B44}.Release|Any CPU.Build.0 = Release|Any CPU
		{CF434D06-8CBB-43EA-B682-B1FE89EDB9C4}.Debug|Any CPU.ActiveCfg = Debug|Any CPU
		{CF434D06-8CBB-43EA-B682-B1FE89EDB9C4}.Debug|Any CPU.Build.0 = Debug|Any CPU
		{CF434D06-8CBB-43EA-B682-B1FE89EDB9C4}.Release|Any CPU.ActiveCfg = Release|Any CPU
		{CF434D06-8CBB-43EA-B682-B1FE89EDB9C4}.Release|Any CPU.Build.0 = Release|Any CPU
		{435FCFF1-A51A-40C0-B4D4-7BF5D92259D2}.Debug|Any CPU.ActiveCfg = Debug|Any CPU
		{435FCFF1-A51A-40C0-B4D4-7BF5D92259D2}.Debug|Any CPU.Build.0 = Debug|Any CPU
		{435FCFF1-A51A-40C0-B4D4-7BF5D92259D2}.Release|Any CPU.ActiveCfg = Release|Any CPU
		{435FCFF1-A51A-40C0-B4D4-7BF5D92259D2}.Release|Any CPU.Build.0 = Release|Any CPU
	EndGlobalSection
	GlobalSection(SolutionProperties) = preSolution
		HideSolutionNode = FALSE
	EndGlobalSection
EndGlobal
